<?xml version="1.0" encoding="utf-8"?>
<Project ToolsVersion="4.0" xmlns="http://schemas.microsoft.com/developer/msbuild/2003">
  <ItemGroup>
    <Filter Include="include">
      <UniqueIdentifier>{95bff47b-72f0-479b-b535-a45e6e397b51}</UniqueIdentifier>
    </Filter>
    <Filter Include="src">
      <UniqueIdentifier>{f41cb3c8-0880-4fd0-87a8-7717a617e95c}</UniqueIdentifier>
    </Filter>
  </ItemGroup>
  <ItemGroup>
    <ClInclude Include="..\..\..\ExternalLib\libcurl\src\amigaos.h">
      <Filter>src</Filter>
    </ClInclude>
    <ClInclude Include="..\..\..\ExternalLib\libcurl\src\arpa_telnet.h">
      <Filter>src</Filter>
    </ClInclude>
    <ClInclude Include="..\..\..\ExternalLib\libcurl\src\asyn.h">
      <Filter>src</Filter>
    </ClInclude>
    <ClInclude Include="..\..\..\ExternalLib\libcurl\src\axtls.h">
      <Filter>src</Filter>
    </ClInclude>
    <ClInclude Include="..\..\..\ExternalLib\libcurl\src\config-amigaos.h">
      <Filter>src</Filter>
    </ClInclude>
    <ClInclude Include="..\..\..\ExternalLib\libcurl\src\config-dos.h">
      <Filter>src</Filter>
    </ClInclude>
    <ClInclude Include="..\..\..\ExternalLib\libcurl\src\config-mac.h">
      <Filter>src</Filter>
    </ClInclude>
    <ClInclude Include="..\..\..\ExternalLib\libcurl\src\config-os400.h">
      <Filter>src</Filter>
    </ClInclude>
    <ClInclude Include="..\..\..\ExternalLib\libcurl\src\config-riscos.h">
      <Filter>src</Filter>
    </ClInclude>
    <ClInclude Include="..\..\..\ExternalLib\libcurl\src\config-symbian.h">
      <Filter>src</Filter>
    </ClInclude>
    <ClInclude Include="..\..\..\ExternalLib\libcurl\src\config-tpf.h">
      <Filter>src</Filter>
    </ClInclude>
    <ClInclude Include="..\..\..\ExternalLib\libcurl\src\config-vms.h">
      <Filter>src</Filter>
    </ClInclude>
    <ClInclude Include="..\..\..\ExternalLib\libcurl\src\config-vxworks.h">
      <Filter>src</Filter>
    </ClInclude>
    <ClInclude Include="..\..\..\ExternalLib\libcurl\src\config-win32.h">
      <Filter>src</Filter>
    </ClInclude>
    <ClInclude Include="..\..\..\ExternalLib\libcurl\src\config-win32ce.h">
      <Filter>src</Filter>
    </ClInclude>
    <ClInclude Include="..\..\..\ExternalLib\libcurl\src\connect.h">
      <Filter>src</Filter>
    </ClInclude>
    <ClInclude Include="..\..\..\ExternalLib\libcurl\src\content_encoding.h">
      <Filter>src</Filter>
    </ClInclude>
    <ClInclude Include="..\..\..\ExternalLib\libcurl\src\cookie.h">
      <Filter>src</Filter>
    </ClInclude>
    <ClInclude Include="..\..\..\ExternalLib\libcurl\src\curl_addrinfo.h">
      <Filter>src</Filter>
    </ClInclude>
    <ClInclude Include="..\..\..\ExternalLib\libcurl\src\curl_base64.h">
      <Filter>src</Filter>
    </ClInclude>
    <ClInclude Include="..\..\..\ExternalLib\libcurl\src\curl_fnmatch.h">
      <Filter>src</Filter>
    </ClInclude>
    <ClInclude Include="..\..\..\ExternalLib\libcurl\src\curl_gethostname.h">
      <Filter>src</Filter>
    </ClInclude>
    <ClInclude Include="..\..\..\ExternalLib\libcurl\src\curl_gssapi.h">
      <Filter>src</Filter>
    </ClInclude>
    <ClInclude Include="..\..\..\ExternalLib\libcurl\src\curl_hmac.h">
      <Filter>src</Filter>
    </ClInclude>
    <ClInclude Include="..\..\..\ExternalLib\libcurl\src\curl_ldap.h">
      <Filter>src</Filter>
    </ClInclude>
    <ClInclude Include="..\..\..\ExternalLib\libcurl\src\curl_md4.h">
      <Filter>src</Filter>
    </ClInclude>
    <ClInclude Include="..\..\..\ExternalLib\libcurl\src\curl_md5.h">
      <Filter>src</Filter>
    </ClInclude>
    <ClInclude Include="..\..\..\ExternalLib\libcurl\src\curl_memory.h">
      <Filter>src</Filter>
    </ClInclude>
    <ClInclude Include="..\..\..\ExternalLib\libcurl\src\curl_memrchr.h">
      <Filter>src</Filter>
    </ClInclude>
    <ClInclude Include="..\..\..\ExternalLib\libcurl\src\curl_ntlm.h">
      <Filter>src</Filter>
    </ClInclude>
    <ClInclude Include="..\..\..\ExternalLib\libcurl\src\curl_ntlm_core.h">
      <Filter>src</Filter>
    </ClInclude>
    <ClInclude Include="..\..\..\ExternalLib\libcurl\src\curl_ntlm_msgs.h">
      <Filter>src</Filter>
    </ClInclude>
    <ClInclude Include="..\..\..\ExternalLib\libcurl\src\curl_ntlm_wb.h">
      <Filter>src</Filter>
    </ClInclude>
    <ClInclude Include="..\..\..\ExternalLib\libcurl\src\curl_rand.h">
      <Filter>src</Filter>
    </ClInclude>
    <ClInclude Include="..\..\..\ExternalLib\libcurl\src\curl_rtmp.h">
      <Filter>src</Filter>
    </ClInclude>
    <ClInclude Include="..\..\..\ExternalLib\libcurl\src\curl_sspi.h">
      <Filter>src</Filter>
    </ClInclude>
    <ClInclude Include="..\..\..\ExternalLib\libcurl\src\curl_threads.h">
      <Filter>src</Filter>
    </ClInclude>
    <ClInclude Include="..\..\..\ExternalLib\libcurl\src\curlx.h">
      <Filter>src</Filter>
    </ClInclude>
    <ClInclude Include="..\..\..\ExternalLib\libcurl\src\cyassl.h">
      <Filter>src</Filter>
    </ClInclude>
    <ClInclude Include="..\..\..\ExternalLib\libcurl\src\dict.h">
      <Filter>src</Filter>
    </ClInclude>
    <ClInclude Include="..\..\..\ExternalLib\libcurl\src\easyif.h">
      <Filter>src</Filter>
    </ClInclude>
    <ClInclude Include="..\..\..\ExternalLib\libcurl\src\escape.h">
      <Filter>src</Filter>
    </ClInclude>
    <ClInclude Include="..\..\..\ExternalLib\libcurl\src\file.h">
      <Filter>src</Filter>
    </ClInclude>
    <ClInclude Include="..\..\..\ExternalLib\libcurl\src\fileinfo.h">
      <Filter>src</Filter>
    </ClInclude>
    <ClInclude Include="..\..\..\ExternalLib\libcurl\src\formdata.h">
      <Filter>src</Filter>
    </ClInclude>
    <ClInclude Include="..\..\..\ExternalLib\libcurl\src\ftp.h">
      <Filter>src</Filter>
    </ClInclude>
    <ClInclude Include="..\..\..\ExternalLib\libcurl\src\ftplistparser.h">
      <Filter>src</Filter>
    </ClInclude>
    <ClInclude Include="..\..\..\ExternalLib\libcurl\src\getinfo.h">
      <Filter>src</Filter>
    </ClInclude>
    <ClInclude Include="..\..\..\ExternalLib\libcurl\src\gopher.h">
      <Filter>src</Filter>
    </ClInclude>
    <ClInclude Include="..\..\..\ExternalLib\libcurl\src\gtls.h">
      <Filter>src</Filter>
    </ClInclude>
    <ClInclude Include="..\..\..\ExternalLib\libcurl\src\hash.h">
      <Filter>src</Filter>
    </ClInclude>
    <ClInclude Include="..\..\..\ExternalLib\libcurl\src\hostip.h">
      <Filter>src</Filter>
    </ClInclude>
    <ClInclude Include="..\..\..\ExternalLib\libcurl\src\http.h">
      <Filter>src</Filter>
    </ClInclude>
    <ClInclude Include="..\..\..\ExternalLib\libcurl\src\http_chunks.h">
      <Filter>src</Filter>
    </ClInclude>
    <ClInclude Include="..\..\..\ExternalLib\libcurl\src\http_digest.h">
      <Filter>src</Filter>
    </ClInclude>
    <ClInclude Include="..\..\..\ExternalLib\libcurl\src\http_negotiate.h">
      <Filter>src</Filter>
    </ClInclude>
    <ClInclude Include="..\..\..\ExternalLib\libcurl\src\http_proxy.h">
      <Filter>src</Filter>
    </ClInclude>
    <ClInclude Include="..\..\..\ExternalLib\libcurl\src\if2ip.h">
      <Filter>src</Filter>
    </ClInclude>
    <ClInclude Include="..\..\..\ExternalLib\libcurl\src\imap.h">
      <Filter>src</Filter>
    </ClInclude>
    <ClInclude Include="..\..\..\ExternalLib\libcurl\src\inet_ntop.h">
      <Filter>src</Filter>
    </ClInclude>
    <ClInclude Include="..\..\..\ExternalLib\libcurl\src\inet_pton.h">
      <Filter>src</Filter>
    </ClInclude>
    <ClInclude Include="..\..\..\ExternalLib\libcurl\src\krb4.h">
      <Filter>src</Filter>
    </ClInclude>
    <ClInclude Include="..\..\..\ExternalLib\libcurl\src\llist.h">
      <Filter>src</Filter>
    </ClInclude>
    <ClInclude Include="..\..\..\ExternalLib\libcurl\src\memdebug.h">
      <Filter>src</Filter>
    </ClInclude>
    <ClInclude Include="..\..\..\ExternalLib\libcurl\src\multiif.h">
      <Filter>src</Filter>
    </ClInclude>
    <ClInclude Include="..\..\..\ExternalLib\libcurl\src\netrc.h">
      <Filter>src</Filter>
    </ClInclude>
    <ClInclude Include="..\..\..\ExternalLib\libcurl\src\non-ascii.h">
      <Filter>src</Filter>
    </ClInclude>
    <ClInclude Include="..\..\..\ExternalLib\libcurl\src\nonblock.h">
      <Filter>src</Filter>
    </ClInclude>
    <ClInclude Include="..\..\..\ExternalLib\libcurl\src\nssg.h">
      <Filter>src</Filter>
    </ClInclude>
    <ClInclude Include="..\..\..\ExternalLib\libcurl\src\parsedate.h">
      <Filter>src</Filter>
    </ClInclude>
    <ClInclude Include="..\..\..\ExternalLib\libcurl\src\pingpong.h">
      <Filter>src</Filter>
    </ClInclude>
    <ClInclude Include="..\..\..\ExternalLib\libcurl\src\polarssl.h">
      <Filter>src</Filter>
    </ClInclude>
    <ClInclude Include="..\..\..\ExternalLib\libcurl\src\pop3.h">
      <Filter>src</Filter>
    </ClInclude>
    <ClInclude Include="..\..\..\ExternalLib\libcurl\src\progress.h">
      <Filter>src</Filter>
    </ClInclude>
    <ClInclude Include="..\..\..\ExternalLib\libcurl\src\qssl.h">
      <Filter>src</Filter>
    </ClInclude>
    <ClInclude Include="..\..\..\ExternalLib\libcurl\src\rawstr.h">
      <Filter>src</Filter>
    </ClInclude>
    <ClInclude Include="..\..\..\ExternalLib\libcurl\src\rtsp.h">
      <Filter>src</Filter>
    </ClInclude>
    <ClInclude Include="..\..\..\ExternalLib\libcurl\src\select.h">
      <Filter>src</Filter>
    </ClInclude>
    <ClInclude Include="..\..\..\ExternalLib\libcurl\src\sendf.h">
      <Filter>src</Filter>
    </ClInclude>
    <ClInclude Include="..\..\..\ExternalLib\libcurl\src\setup-os400.h">
      <Filter>src</Filter>
    </ClInclude>
    <ClInclude Include="..\..\..\ExternalLib\libcurl\src\setup.h">
      <Filter>src</Filter>
    </ClInclude>
    <ClInclude Include="..\..\..\ExternalLib\libcurl\src\setup_once.h">
      <Filter>src</Filter>
    </ClInclude>
    <ClInclude Include="..\..\..\ExternalLib\libcurl\src\share.h">
      <Filter>src</Filter>
    </ClInclude>
    <ClInclude Include="..\..\..\ExternalLib\libcurl\src\slist.h">
      <Filter>src</Filter>
    </ClInclude>
    <ClInclude Include="..\..\..\ExternalLib\libcurl\src\smtp.h">
      <Filter>src</Filter>
    </ClInclude>
    <ClInclude Include="..\..\..\ExternalLib\libcurl\src\sockaddr.h">
      <Filter>src</Filter>
    </ClInclude>
    <ClInclude Include="..\..\..\ExternalLib\libcurl\src\socks.h">
      <Filter>src</Filter>
    </ClInclude>
    <ClInclude Include="..\..\..\ExternalLib\libcurl\src\speedcheck.h">
      <Filter>src</Filter>
    </ClInclude>
    <ClInclude Include="..\..\..\ExternalLib\libcurl\src\splay.h">
      <Filter>src</Filter>
    </ClInclude>
    <ClInclude Include="..\..\..\ExternalLib\libcurl\src\ssh.h">
      <Filter>src</Filter>
    </ClInclude>
    <ClInclude Include="..\..\..\ExternalLib\libcurl\src\sslgen.h">
      <Filter>src</Filter>
    </ClInclude>
    <ClInclude Include="..\..\..\ExternalLib\libcurl\src\ssluse.h">
      <Filter>src</Filter>
    </ClInclude>
    <ClInclude Include="..\..\..\ExternalLib\libcurl\src\strdup.h">
      <Filter>src</Filter>
    </ClInclude>
    <ClInclude Include="..\..\..\ExternalLib\libcurl\src\strequal.h">
      <Filter>src</Filter>
    </ClInclude>
    <ClInclude Include="..\..\..\ExternalLib\libcurl\src\strerror.h">
      <Filter>src</Filter>
    </ClInclude>
    <ClInclude Include="..\..\..\ExternalLib\libcurl\src\strtok.h">
      <Filter>src</Filter>
    </ClInclude>
    <ClInclude Include="..\..\..\ExternalLib\libcurl\src\strtoofft.h">
      <Filter>src</Filter>
    </ClInclude>
    <ClInclude Include="..\..\..\ExternalLib\libcurl\src\telnet.h">
      <Filter>src</Filter>
    </ClInclude>
    <ClInclude Include="..\..\..\ExternalLib\libcurl\src\tftp.h">
      <Filter>src</Filter>
    </ClInclude>
    <ClInclude Include="..\..\..\ExternalLib\libcurl\src\timeval.h">
      <Filter>src</Filter>
    </ClInclude>
    <ClInclude Include="..\..\..\ExternalLib\libcurl\src\transfer.h">
      <Filter>src</Filter>
    </ClInclude>
    <ClInclude Include="..\..\..\ExternalLib\libcurl\src\url.h">
      <Filter>src</Filter>
    </ClInclude>
    <ClInclude Include="..\..\..\ExternalLib\libcurl\src\urldata.h">
      <Filter>src</Filter>
    </ClInclude>
    <ClInclude Include="..\..\..\ExternalLib\libcurl\src\warnless.h">
      <Filter>src</Filter>
    </ClInclude>
    <ClInclude Include="..\..\..\ExternalLib\libcurl\src\wildcard.h">
      <Filter>src</Filter>
    </ClInclude>
    <ClInclude Include="..\..\..\ExternalLib\libcurl\include\curl_win\curl.h">
      <Filter>include</Filter>
    </ClInclude>
    <ClInclude Include="..\..\..\ExternalLib\libcurl\include\curl_win\curlbuild.h">
      <Filter>include</Filter>
    </ClInclude>
    <ClInclude Include="..\..\..\ExternalLib\libcurl\include\curl_win\curlrules.h">
      <Filter>include</Filter>
    </ClInclude>
    <ClInclude Include="..\..\..\ExternalLib\libcurl\include\curl_win\curlver.h">
      <Filter>include</Filter>
    </ClInclude>
    <ClInclude Include="..\..\..\ExternalLib\libcurl\include\curl_win\easy.h">
      <Filter>include</Filter>
    </ClInclude>
    <ClInclude Include="..\..\..\ExternalLib\libcurl\include\curl_win\mprintf.h">
      <Filter>include</Filter>
    </ClInclude>
    <ClInclude Include="..\..\..\ExternalLib\libcurl\include\curl_win\multi.h">
      <Filter>include</Filter>
    </ClInclude>
    <ClInclude Include="..\..\..\ExternalLib\libcurl\include\curl_win\stdcheaders.h">
      <Filter>include</Filter>
    </ClInclude>
    <ClInclude Include="..\..\..\ExternalLib\libcurl\include\curl_win\typecheck-gcc.h">
      <Filter>include</Filter>
    </ClInclude>
  </ItemGroup>
  <ItemGroup>
    <ClCompile Include="..\..\..\ExternalLib\libcurl\src\amigaos.c">
      <Filter>src</Filter>
    </ClCompile>
    <ClCompile Include="..\..\..\ExternalLib\libcurl\src\asyn-ares.c">
      <Filter>src</Filter>
    </ClCompile>
    <ClCompile Include="..\..\..\ExternalLib\libcurl\src\asyn-thread.c">
      <Filter>src</Filter>
    </ClCompile>
    <ClCompile Include="..\..\..\ExternalLib\libcurl\src\axtls.c">
      <Filter>src</Filter>
    </ClCompile>
    <ClCompile Include="..\..\..\ExternalLib\libcurl\src\base64.c">
      <Filter>src</Filter>
    </ClCompile>
    <ClCompile Include="..\..\..\ExternalLib\libcurl\src\connect.c">
      <Filter>src</Filter>
    </ClCompile>
    <ClCompile Include="..\..\..\ExternalLib\libcurl\src\content_encoding.c">
      <Filter>src</Filter>
    </ClCompile>
    <ClCompile Include="..\..\..\ExternalLib\libcurl\src\cookie.c">
      <Filter>src</Filter>
    </ClCompile>
    <ClCompile Include="..\..\..\ExternalLib\libcurl\src\curl_addrinfo.c">
      <Filter>src</Filter>
    </ClCompile>
    <ClCompile Include="..\..\..\ExternalLib\libcurl\src\curl_fnmatch.c">
      <Filter>src</Filter>
    </ClCompile>
    <ClCompile Include="..\..\..\ExternalLib\libcurl\src\curl_gethostname.c">
      <Filter>src</Filter>
    </ClCompile>
    <ClCompile Include="..\..\..\ExternalLib\libcurl\src\curl_gssapi.c">
      <Filter>src</Filter>
    </ClCompile>
    <ClCompile Include="..\..\..\ExternalLib\libcurl\src\curl_memrchr.c">
      <Filter>src</Filter>
    </ClCompile>
    <ClCompile Include="..\..\..\ExternalLib\libcurl\src\curl_ntlm.c">
      <Filter>src</Filter>
    </ClCompile>
    <ClCompile Include="..\..\..\ExternalLib\libcurl\src\curl_ntlm_core.c">
      <Filter>src</Filter>
    </ClCompile>
    <ClCompile Include="..\..\..\ExternalLib\libcurl\src\curl_ntlm_msgs.c">
      <Filter>src</Filter>
    </ClCompile>
    <ClCompile Include="..\..\..\ExternalLib\libcurl\src\curl_ntlm_wb.c">
      <Filter>src</Filter>
    </ClCompile>
    <ClCompile Include="..\..\..\ExternalLib\libcurl\src\curl_rand.c">
      <Filter>src</Filter>
    </ClCompile>
    <ClCompile Include="..\..\..\ExternalLib\libcurl\src\curl_rtmp.c">
      <Filter>src</Filter>
    </ClCompile>
    <ClCompile Include="..\..\..\ExternalLib\libcurl\src\curl_sspi.c">
      <Filter>src</Filter>
    </ClCompile>
    <ClCompile Include="..\..\..\ExternalLib\libcurl\src\curl_threads.c">
      <Filter>src</Filter>
    </ClCompile>
    <ClCompile Include="..\..\..\ExternalLib\libcurl\src\cyassl.c">
      <Filter>src</Filter>
    </ClCompile>
    <ClCompile Include="..\..\..\ExternalLib\libcurl\src\dict.c">
      <Filter>src</Filter>
    </ClCompile>
    <ClCompile Include="..\..\..\ExternalLib\libcurl\src\easy.c">
      <Filter>src</Filter>
    </ClCompile>
    <ClCompile Include="..\..\..\ExternalLib\libcurl\src\escape.c">
      <Filter>src</Filter>
    </ClCompile>
    <ClCompile Include="..\..\..\ExternalLib\libcurl\src\file.c">
      <Filter>src</Filter>
    </ClCompile>
    <ClCompile Include="..\..\..\ExternalLib\libcurl\src\fileinfo.c">
      <Filter>src</Filter>
    </ClCompile>
    <ClCompile Include="..\..\..\ExternalLib\libcurl\src\formdata.c">
      <Filter>src</Filter>
    </ClCompile>
    <ClCompile Include="..\..\..\ExternalLib\libcurl\src\ftp.c">
      <Filter>src</Filter>
    </ClCompile>
    <ClCompile Include="..\..\..\ExternalLib\libcurl\src\ftplistparser.c">
      <Filter>src</Filter>
    </ClCompile>
    <ClCompile Include="..\..\..\ExternalLib\libcurl\src\getenv.c">
      <Filter>src</Filter>
    </ClCompile>
    <ClCompile Include="..\..\..\ExternalLib\libcurl\src\getinfo.c">
      <Filter>src</Filter>
    </ClCompile>
    <ClCompile Include="..\..\..\ExternalLib\libcurl\src\gopher.c">
      <Filter>src</Filter>
    </ClCompile>
    <ClCompile Include="..\..\..\ExternalLib\libcurl\src\gtls.c">
      <Filter>src</Filter>
    </ClCompile>
    <ClCompile Include="..\..\..\ExternalLib\libcurl\src\hash.c">
      <Filter>src</Filter>
    </ClCompile>
    <ClCompile Include="..\..\..\ExternalLib\libcurl\src\hmac.c">
      <Filter>src</Filter>
    </ClCompile>
    <ClCompile Include="..\..\..\ExternalLib\libcurl\src\hostasyn.c">
      <Filter>src</Filter>
    </ClCompile>
    <ClCompile Include="..\..\..\ExternalLib\libcurl\src\hostip.c">
      <Filter>src</Filter>
    </ClCompile>
    <ClCompile Include="..\..\..\ExternalLib\libcurl\src\hostip4.c">
      <Filter>src</Filter>
    </ClCompile>
    <ClCompile Include="..\..\..\ExternalLib\libcurl\src\hostip6.c">
      <Filter>src</Filter>
    </ClCompile>
    <ClCompile Include="..\..\..\ExternalLib\libcurl\src\hostsyn.c">
      <Filter>src</Filter>
    </ClCompile>
    <ClCompile Include="..\..\..\ExternalLib\libcurl\src\http.c">
      <Filter>src</Filter>
    </ClCompile>
    <ClCompile Include="..\..\..\ExternalLib\libcurl\src\http_chunks.c">
      <Filter>src</Filter>
    </ClCompile>
    <ClCompile Include="..\..\..\ExternalLib\libcurl\src\http_digest.c">
      <Filter>src</Filter>
    </ClCompile>
    <ClCompile Include="..\..\..\ExternalLib\libcurl\src\http_negotiate.c">
      <Filter>src</Filter>
    </ClCompile>
    <ClCompile Include="..\..\..\ExternalLib\libcurl\src\http_negotiate_sspi.c">
      <Filter>src</Filter>
    </ClCompile>
    <ClCompile Include="..\..\..\ExternalLib\libcurl\src\http_proxy.c">
      <Filter>src</Filter>
    </ClCompile>
    <ClCompile Include="..\..\..\ExternalLib\libcurl\src\idn_win32.c">
      <Filter>src</Filter>
    </ClCompile>
    <ClCompile Include="..\..\..\ExternalLib\libcurl\src\if2ip.c">
      <Filter>src</Filter>
    </ClCompile>
    <ClCompile Include="..\..\..\ExternalLib\libcurl\src\imap.c">
      <Filter>src</Filter>
    </ClCompile>
    <ClCompile Include="..\..\..\ExternalLib\libcurl\src\inet_ntop.c">
      <Filter>src</Filter>
    </ClCompile>
    <ClCompile Include="..\..\..\ExternalLib\libcurl\src\inet_pton.c">
      <Filter>src</Filter>
    </ClCompile>
    <ClCompile Include="..\..\..\ExternalLib\libcurl\src\krb4.c">
      <Filter>src</Filter>
    </ClCompile>
    <ClCompile Include="..\..\..\ExternalLib\libcurl\src\krb5.c">
      <Filter>src</Filter>
    </ClCompile>
    <ClCompile Include="..\..\..\ExternalLib\libcurl\src\ldap.c">
      <Filter>src</Filter>
    </ClCompile>
    <ClCompile Include="..\..\..\ExternalLib\libcurl\src\llist.c">
      <Filter>src</Filter>
    </ClCompile>
    <ClCompile Include="..\..\..\ExternalLib\libcurl\src\md4.c">
      <Filter>src</Filter>
    </ClCompile>
    <ClCompile Include="..\..\..\ExternalLib\libcurl\src\md5.c">
      <Filter>src</Filter>
    </ClCompile>
    <ClCompile Include="..\..\..\ExternalLib\libcurl\src\memdebug.c">
      <Filter>src</Filter>
    </ClCompile>
    <ClCompile Include="..\..\..\ExternalLib\libcurl\src\mprintf.c">
      <Filter>src</Filter>
    </ClCompile>
    <ClCompile Include="..\..\..\ExternalLib\libcurl\src\multi.c">
      <Filter>src</Filter>
    </ClCompile>
    <ClCompile Include="..\..\..\ExternalLib\libcurl\src\netrc.c">
      <Filter>src</Filter>
    </ClCompile>
    <ClCompile Include="..\..\..\ExternalLib\libcurl\src\non-ascii.c">
      <Filter>src</Filter>
    </ClCompile>
    <ClCompile Include="..\..\..\ExternalLib\libcurl\src\nonblock.c">
      <Filter>src</Filter>
    </ClCompile>
    <ClCompile Include="..\..\..\ExternalLib\libcurl\src\nss.c">
      <Filter>src</Filter>
    </ClCompile>
    <ClCompile Include="..\..\..\ExternalLib\libcurl\src\nwlib.c">
      <Filter>src</Filter>
    </ClCompile>
    <ClCompile Include="..\..\..\ExternalLib\libcurl\src\nwos.c">
      <Filter>src</Filter>
    </ClCompile>
    <ClCompile Include="..\..\..\ExternalLib\libcurl\src\openldap.c">
      <Filter>src</Filter>
    </ClCompile>
    <ClCompile Include="..\..\..\ExternalLib\libcurl\src\parsedate.c">
      <Filter>src</Filter>
    </ClCompile>
    <ClCompile Include="..\..\..\ExternalLib\libcurl\src\pingpong.c">
      <Filter>src</Filter>
    </ClCompile>
    <ClCompile Include="..\..\..\ExternalLib\libcurl\src\polarssl.c">
      <Filter>src</Filter>
    </ClCompile>
    <ClCompile Include="..\..\..\ExternalLib\libcurl\src\pop3.c">
      <Filter>src</Filter>
    </ClCompile>
    <ClCompile Include="..\..\..\ExternalLib\libcurl\src\progress.c">
      <Filter>src</Filter>
    </ClCompile>
    <ClCompile Include="..\..\..\ExternalLib\libcurl\src\qssl.c">
      <Filter>src</Filter>
    </ClCompile>
    <ClCompile Include="..\..\..\ExternalLib\libcurl\src\rawstr.c">
      <Filter>src</Filter>
    </ClCompile>
    <ClCompile Include="..\..\..\ExternalLib\libcurl\src\rtsp.c">
      <Filter>src</Filter>
    </ClCompile>
    <ClCompile Include="..\..\..\ExternalLib\libcurl\src\security.c">
      <Filter>src</Filter>
    </ClCompile>
    <ClCompile Include="..\..\..\ExternalLib\libcurl\src\select.c">
      <Filter>src</Filter>
    </ClCompile>
    <ClCompile Include="..\..\..\ExternalLib\libcurl\src\sendf.c">
      <Filter>src</Filter>
    </ClCompile>
    <ClCompile Include="..\..\..\ExternalLib\libcurl\src\share.c">
      <Filter>src</Filter>
    </ClCompile>
    <ClCompile Include="..\..\..\ExternalLib\libcurl\src\slist.c">
      <Filter>src</Filter>
    </ClCompile>
    <ClCompile Include="..\..\..\ExternalLib\libcurl\src\smtp.c">
      <Filter>src</Filter>
    </ClCompile>
    <ClCompile Include="..\..\..\ExternalLib\libcurl\src\socks.c">
      <Filter>src</Filter>
    </ClCompile>
    <ClCompile Include="..\..\..\ExternalLib\libcurl\src\socks_gssapi.c">
      <Filter>src</Filter>
    </ClCompile>
    <ClCompile Include="..\..\..\ExternalLib\libcurl\src\socks_sspi.c">
      <Filter>src</Filter>
    </ClCompile>
    <ClCompile Include="..\..\..\ExternalLib\libcurl\src\speedcheck.c">
      <Filter>src</Filter>
    </ClCompile>
    <ClCompile Include="..\..\..\ExternalLib\libcurl\src\splay.c">
      <Filter>src</Filter>
    </ClCompile>
    <ClCompile Include="..\..\..\ExternalLib\libcurl\src\ssh.c">
      <Filter>src</Filter>
    </ClCompile>
    <ClCompile Include="..\..\..\ExternalLib\libcurl\src\sslgen.c">
      <Filter>src</Filter>
    </ClCompile>
    <ClCompile Include="..\..\..\ExternalLib\libcurl\src\ssluse.c">
      <Filter>src</Filter>
    </ClCompile>
    <ClCompile Include="..\..\..\ExternalLib\libcurl\src\strdup.c">
      <Filter>src</Filter>
    </ClCompile>
    <ClCompile Include="..\..\..\ExternalLib\libcurl\src\strequal.c">
      <Filter>src</Filter>
    </ClCompile>
    <ClCompile Include="..\..\..\ExternalLib\libcurl\src\strerror.c">
      <Filter>src</Filter>
    </ClCompile>
    <ClCompile Include="..\..\..\ExternalLib\libcurl\src\strtok.c">
      <Filter>src</Filter>
    </ClCompile>
    <ClCompile Include="..\..\..\ExternalLib\libcurl\src\strtoofft.c">
      <Filter>src</Filter>
    </ClCompile>
    <ClCompile Include="..\..\..\ExternalLib\libcurl\src\telnet.c">
      <Filter>src</Filter>
    </ClCompile>
    <ClCompile Include="..\..\..\ExternalLib\libcurl\src\tftp.c">
      <Filter>src</Filter>
    </ClCompile>
    <ClCompile Include="..\..\..\ExternalLib\libcurl\src\timeval.c">
      <Filter>src</Filter>
    </ClCompile>
    <ClCompile Include="..\..\..\ExternalLib\libcurl\src\transfer.c">
      <Filter>src</Filter>
    </ClCompile>
    <ClCompile Include="..\..\..\ExternalLib\libcurl\src\url.c">
      <Filter>src</Filter>
    </ClCompile>
    <ClCompile Include="..\..\..\ExternalLib\libcurl\src\version.c">
      <Filter>src</Filter>
    </ClCompile>
    <ClCompile Include="..\..\..\ExternalLib\libcurl\src\warnless.c">
      <Filter>src</Filter>
    </ClCompile>
    <ClCompile Include="..\..\..\ExternalLib\libcurl\src\wildcard.c">
      <Filter>src</Filter>
    </ClCompile>
  </ItemGroup>
  <ItemGroup>
    <None Include="ReadMe.txt" />
  </ItemGroup>
</Project>