
Microsoft Visual Studio Solution File, Format Version 9.00
# Visual Studio 2005
Project("{2150E333-8FDC-42A3-9474-1A3956D46DE8}") = "ExternalLib", "ExternalLib", "{8806B285-5142-4FAF-8A45-4E0849085267}"
EndProject
Project("{8BC9CEB8-8B4A-11D0-8D11-00A0C91BC942}") = "FreeType", "..\FreeType\FreeType.vcproj", "{7762CCFD-5821-45C4-8844-8672E42F01FC}"
EndProject
Project("{8BC9CEB8-8B4A-11D0-8D11-00A0C91BC942}") = "LibJPEG", "..\LibJPEG\LibJPEG.vcproj", "{BB93CA6E-1B76-4E59-9121-7D03B08EF1C3}"
EndProject
Project("{8BC9CEB8-8B4A-11D0-8D11-00A0C91BC942}") = "LibPNG", "..\LibPNG\LibPNG.vcproj", "{A426EBF7-6BC0-44AD-86AF-8B8DC9C98CDB}"
EndProject
Project("{8BC9CEB8-8B4A-11D0-8D11-00A0C91BC942}") = "zlib", "..\zlib\zlib.vcproj", "{F6C2C2CF-2913-46D6-A4A3-68B46D6261F4}"
EndProject
Project("{8BC9CEB8-8B4A-11D0-8D11-00A0C91BC942}") = "ftgles", "..\ftgles\ftgles.vcproj", "{6A54DF2B-44C0-43E7-84AA-4E8F76A4BDF9}"
EndProject
Project("{8BC9CEB8-8B4A-11D0-8D11-00A0C91BC942}") = "CommonBase", "..\CommonBase\CommonBase.vcproj", "{823A6CBE-EEDF-40C0-9692-FC65783AC7BD}"
EndProject
Project("{8BC9CEB8-8B4A-11D0-8D11-00A0C91BC942}") = "GraphicCore", "..\GraphicCore\GraphicCore.vcproj", "{82A03B39-7D09-41B4-B5DC-991D41C49271}"
EndProject
Project("{8BC9CEB8-8B4A-11D0-8D11-00A0C91BC942}") = "GUI", "..\GUI\GUI.vcproj", "{3F353104-FE71-4829-9C12-B77F5D2E2C36}"
EndProject
Project("{8BC9CEB8-8B4A-11D0-8D11-00A0C91BC942}") = "System", "..\System\System.vcproj", "{C2F49120-F615-48E8-A7F3-6C09ADE3D7EF}"
EndProject
Project("{8BC9CEB8-8B4A-11D0-8D11-00A0C91BC942}") = "Platform", "..\Platform\Platform.vcproj", "{8FB3FB73-21D8-46FC-80E1-35EC789F9C4C}"
EndProject
Project("{8BC9CEB8-8B4A-11D0-8D11-00A0C91BC942}") = "EmbeddedGIS", "..\EmbeddedGIS\EmbeddedGIS.vcproj", "{8F19D3BE-B46A-4791-9703-49E415DB0F05}"
EndProject
Project("{8BC9CEB8-8B4A-11D0-8D11-00A0C91BC942}") = "gtest", "..\gtest\gtest.vcproj", "{DEE22F5F-B6D6-49EB-A47F-96556C4E25B7}"
EndProject
Project("{8BC9CEB8-8B4A-11D0-8D11-00A0C91BC942}") = "libcurl", "..\libcurl\libcurl.vcproj", "{DE48D218-A720-4C1E-8075-AC9A224CA058}"
EndProject
Project("{8BC9CEB8-8B4A-11D0-8D11-00A0C91BC942}") = "libcurlpp", "..\libcurlpp\libcurlpp.vcproj", "{78FE8808-1F21-4632-BD59-35B272A70940}"
EndProject
Project("{8BC9CEB8-8B4A-11D0-8D11-00A0C91BC942}") = "json", "..\json\json.vcproj", "{B3E2E3BF-E385-4EE4-BAE6-F47E5E24DFBF}"
EndProject
Project("{8BC9CEB8-8B4A-11D0-8D11-00A0C91BC942}") = "skia", "..\skia\skia.vcproj", "{06F0C634-EC09-4A38-8D88-6448DDE04768}"
EndProject
Project("{8BC9CEB8-8B4A-11D0-8D11-00A0C91BC942}") = "cryptlib", "..\cryptopp\cryptlib.vcproj", "{3423EC9A-52E4-4A4D-9753-EDEBC38785EF}"
EndProject
Project("{2150E333-8FDC-42A3-9474-1A3956D46DE8}") = "Samples", "Samples", "{771A885B-2873-4025-88D1-712603792CDE}"
EndProject
Project("{8BC9CEB8-8B4A-11D0-8D11-00A0C91BC942}") = "Demo", "..\..\..\..\..\..\Apps\Demo\proj.win32\Demo.vcproj", "{393D28BE-EDD4-43DB-9FCF-E7A0EE53882C}"
	ProjectSection(ProjectDependencies) = postProject
		{3F353104-FE71-4829-9C12-B77F5D2E2C36} = {3F353104-FE71-4829-9C12-B77F5D2E2C36}
		{78FE8808-1F21-4632-BD59-35B272A70940} = {78FE8808-1F21-4632-BD59-35B272A70940}
		{DE48D218-A720-4C1E-8075-AC9A224CA058} = {DE48D218-A720-4C1E-8075-AC9A224CA058}
		{C2F49120-F615-48E8-A7F3-6C09ADE3D7EF} = {C2F49120-F615-48E8-A7F3-6C09ADE3D7EF}
		{6A54DF2B-44C0-43E7-84AA-4E8F76A4BDF9} = {6A54DF2B-44C0-43E7-84AA-4E8F76A4BDF9}
		{06F0C634-EC09-4A38-8D88-6448DDE04768} = {06F0C634-EC09-4A38-8D88-6448DDE04768}
		{82A03B39-7D09-41B4-B5DC-991D41C49271} = {82A03B39-7D09-41B4-B5DC-991D41C49271}
		{BB93CA6E-1B76-4E59-9121-7D03B08EF1C3} = {BB93CA6E-1B76-4E59-9121-7D03B08EF1C3}
		{8FB3FB73-21D8-46FC-80E1-35EC789F9C4C} = {8FB3FB73-21D8-46FC-80E1-35EC789F9C4C}
		{3423EC9A-52E4-4A4D-9753-EDEBC38785EF} = {3423EC9A-52E4-4A4D-9753-EDEBC38785EF}
		{823A6CBE-EEDF-40C0-9692-FC65783AC7BD} = {823A6CBE-EEDF-40C0-9692-FC65783AC7BD}
		{8F19D3BE-B46A-4791-9703-49E415DB0F05} = {8F19D3BE-B46A-4791-9703-49E415DB0F05}
		{B3E2E3BF-E385-4EE4-BAE6-F47E5E24DFBF} = {B3E2E3BF-E385-4EE4-BAE6-F47E5E24DFBF}
		{F6C2C2CF-2913-46D6-A4A3-68B46D6261F4} = {F6C2C2CF-2913-46D6-A4A3-68B46D6261F4}
		{A426EBF7-6BC0-44AD-86AF-8B8DC9C98CDB} = {A426EBF7-6BC0-44AD-86AF-8B8DC9C98CDB}
		{7762CCFD-5821-45C4-8844-8672E42F01FC} = {7762CCFD-5821-45C4-8844-8672E42F01FC}
	EndProjectSection
EndProject
Project("{8BC9CEB8-8B4A-11D0-8D11-00A0C91BC942}") = "AccidentReminder", "..\..\..\..\..\..\Apps\AccidentReminder\proj.win32\AccidentReminder.vcproj", "{02919C3C-116C-4FDF-87E1-665C1378A43E}"
	ProjectSection(ProjectDependencies) = postProject
		{7762CCFD-5821-45C4-8844-8672E42F01FC} = {7762CCFD-5821-45C4-8844-8672E42F01FC}
		{A426EBF7-6BC0-44AD-86AF-8B8DC9C98CDB} = {A426EBF7-6BC0-44AD-86AF-8B8DC9C98CDB}
		{F6C2C2CF-2913-46D6-A4A3-68B46D6261F4} = {F6C2C2CF-2913-46D6-A4A3-68B46D6261F4}
		{B3E2E3BF-E385-4EE4-BAE6-F47E5E24DFBF} = {B3E2E3BF-E385-4EE4-BAE6-F47E5E24DFBF}
		{8F19D3BE-B46A-4791-9703-49E415DB0F05} = {8F19D3BE-B46A-4791-9703-49E415DB0F05}
		{823A6CBE-EEDF-40C0-9692-FC65783AC7BD} = {823A6CBE-EEDF-40C0-9692-FC65783AC7BD}
		{3423EC9A-52E4-4A4D-9753-EDEBC38785EF} = {3423EC9A-52E4-4A4D-9753-EDEBC38785EF}
		{8FB3FB73-21D8-46FC-80E1-35EC789F9C4C} = {8FB3FB73-21D8-46FC-80E1-35EC789F9C4C}
		{BB93CA6E-1B76-4E59-9121-7D03B08EF1C3} = {BB93CA6E-1B76-4E59-9121-7D03B08EF1C3}
		{82A03B39-7D09-41B4-B5DC-991D41C49271} = {82A03B39-7D09-41B4-B5DC-991D41C49271}
		{06F0C634-EC09-4A38-8D88-6448DDE04768} = {06F0C634-EC09-4A38-8D88-6448DDE04768}
		{6A54DF2B-44C0-43E7-84AA-4E8F76A4BDF9} = {6A54DF2B-44C0-43E7-84AA-4E8F76A4BDF9}
		{C2F49120-F615-48E8-A7F3-6C09ADE3D7EF} = {C2F49120-F615-48E8-A7F3-6C09ADE3D7EF}
		{DE48D218-A720-4C1E-8075-AC9A224CA058} = {DE48D218-A720-4C1E-8075-AC9A224CA058}
		{78FE8808-1F21-4632-BD59-35B272A70940} = {78FE8808-1F21-4632-BD59-35B272A70940}
		{3F353104-FE71-4829-9C12-B77F5D2E2C36} = {3F353104-FE71-4829-9C12-B77F5D2E2C36}
	EndProjectSection
EndProject
Project("{8BC9CEB8-8B4A-11D0-8D11-00A0C91BC942}") = "WaterMobileGIS", "..\..\..\..\..\..\Apps\WaterMobileGIS\proj.win32\WaterMobileGIS.vcproj", "{B19215E7-4132-47E8-A2F0-43295BE649BF}"
	ProjectSection(ProjectDependencies) = postProject
		{3F353104-FE71-4829-9C12-B77F5D2E2C36} = {3F353104-FE71-4829-9C12-B77F5D2E2C36}
		{78FE8808-1F21-4632-BD59-35B272A70940} = {78FE8808-1F21-4632-BD59-35B272A70940}
		{DE48D218-A720-4C1E-8075-AC9A224CA058} = {DE48D218-A720-4C1E-8075-AC9A224CA058}
		{C2F49120-F615-48E8-A7F3-6C09ADE3D7EF} = {C2F49120-F615-48E8-A7F3-6C09ADE3D7EF}
		{6A54DF2B-44C0-43E7-84AA-4E8F76A4BDF9} = {6A54DF2B-44C0-43E7-84AA-4E8F76A4BDF9}
		{06F0C634-EC09-4A38-8D88-6448DDE04768} = {06F0C634-EC09-4A38-8D88-6448DDE04768}
		{82A03B39-7D09-41B4-B5DC-991D41C49271} = {82A03B39-7D09-41B4-B5DC-991D41C49271}
		{BB93CA6E-1B76-4E59-9121-7D03B08EF1C3} = {BB93CA6E-1B76-4E59-9121-7D03B08EF1C3}
		{8FB3FB73-21D8-46FC-80E1-35EC789F9C4C} = {8FB3FB73-21D8-46FC-80E1-35EC789F9C4C}
		{823A6CBE-EEDF-40C0-9692-FC65783AC7BD} = {823A6CBE-EEDF-40C0-9692-FC65783AC7BD}
		{8F19D3BE-B46A-4791-9703-49E415DB0F05} = {8F19D3BE-B46A-4791-9703-49E415DB0F05}
		{B3E2E3BF-E385-4EE4-BAE6-F47E5E24DFBF} = {B3E2E3BF-E385-4EE4-BAE6-F47E5E24DFBF}
		{F6C2C2CF-2913-46D6-A4A3-68B46D6261F4} = {F6C2C2CF-2913-46D6-A4A3-68B46D6261F4}
		{A426EBF7-6BC0-44AD-86AF-8B8DC9C98CDB} = {A426EBF7-6BC0-44AD-86AF-8B8DC9C98CDB}
		{7762CCFD-5821-45C4-8844-8672E42F01FC} = {7762CCFD-5821-45C4-8844-8672E42F01FC}
	EndProjectSection
EndProject
Global
	GlobalSection(SolutionConfigurationPlatforms) = preSolution
		Debug|Win32 = Debug|Win32
		DLL-Import Debug|Win32 = DLL-Import Debug|Win32
		DLL-Import Release|Win32 = DLL-Import Release|Win32
		Release|Win32 = Release|Win32
	EndGlobalSection
	GlobalSection(ProjectConfigurationPlatforms) = postSolution
		{7762CCFD-5821-45C4-8844-8672E42F01FC}.Debug|Win32.ActiveCfg = Debug|Win32
		{7762CCFD-5821-45C4-8844-8672E42F01FC}.Debug|Win32.Build.0 = Debug|Win32
		{7762CCFD-5821-45C4-8844-8672E42F01FC}.DLL-Import Debug|Win32.ActiveCfg = Debug|Win32
		{7762CCFD-5821-45C4-8844-8672E42F01FC}.DLL-Import Debug|Win32.Build.0 = Debug|Win32
		{7762CCFD-5821-45C4-8844-8672E42F01FC}.DLL-Import Release|Win32.ActiveCfg = Release|Win32
		{7762CCFD-5821-45C4-8844-8672E42F01FC}.DLL-Import Release|Win32.Build.0 = Release|Win32
		{7762CCFD-5821-45C4-8844-8672E42F01FC}.Release|Win32.ActiveCfg = Release|Win32
		{7762CCFD-5821-45C4-8844-8672E42F01FC}.Release|Win32.Build.0 = Release|Win32
		{BB93CA6E-1B76-4E59-9121-7D03B08EF1C3}.Debug|Win32.ActiveCfg = Debug|Win32
		{BB93CA6E-1B76-4E59-9121-7D03B08EF1C3}.Debug|Win32.Build.0 = Debug|Win32
		{BB93CA6E-1B76-4E59-9121-7D03B08EF1C3}.DLL-Import Debug|Win32.ActiveCfg = Debug|Win32
		{BB93CA6E-1B76-4E59-9121-7D03B08EF1C3}.DLL-Import Debug|Win32.Build.0 = Debug|Win32
		{BB93CA6E-1B76-4E59-9121-7D03B08EF1C3}.DLL-Import Release|Win32.ActiveCfg = Release|Win32
		{BB93CA6E-1B76-4E59-9121-7D03B08EF1C3}.DLL-Import Release|Win32.Build.0 = Release|Win32
		{BB93CA6E-1B76-4E59-9121-7D03B08EF1C3}.Release|Win32.ActiveCfg = Release|Win32
		{BB93CA6E-1B76-4E59-9121-7D03B08EF1C3}.Release|Win32.Build.0 = Release|Win32
		{A426EBF7-6BC0-44AD-86AF-8B8DC9C98CDB}.Debug|Win32.ActiveCfg = Debug|Win32
		{A426EBF7-6BC0-44AD-86AF-8B8DC9C98CDB}.Debug|Win32.Build.0 = Debug|Win32
		{A426EBF7-6BC0-44AD-86AF-8B8DC9C98CDB}.DLL-Import Debug|Win32.ActiveCfg = Debug|Win32
		{A426EBF7-6BC0-44AD-86AF-8B8DC9C98CDB}.DLL-Import Debug|Win32.Build.0 = Debug|Win32
		{A426EBF7-6BC0-44AD-86AF-8B8DC9C98CDB}.DLL-Import Release|Win32.ActiveCfg = Release|Win32
		{A426EBF7-6BC0-44AD-86AF-8B8DC9C98CDB}.DLL-Import Release|Win32.Build.0 = Release|Win32
		{A426EBF7-6BC0-44AD-86AF-8B8DC9C98CDB}.Release|Win32.ActiveCfg = Release|Win32
		{A426EBF7-6BC0-44AD-86AF-8B8DC9C98CDB}.Release|Win32.Build.0 = Release|Win32
		{F6C2C2CF-2913-46D6-A4A3-68B46D6261F4}.Debug|Win32.ActiveCfg = Debug|Win32
		{F6C2C2CF-2913-46D6-A4A3-68B46D6261F4}.Debug|Win32.Build.0 = Debug|Win32
		{F6C2C2CF-2913-46D6-A4A3-68B46D6261F4}.DLL-Import Debug|Win32.ActiveCfg = Debug|Win32
		{F6C2C2CF-2913-46D6-A4A3-68B46D6261F4}.DLL-Import Debug|Win32.Build.0 = Debug|Win32
		{F6C2C2CF-2913-46D6-A4A3-68B46D6261F4}.DLL-Import Release|Win32.ActiveCfg = Release|Win32
		{F6C2C2CF-2913-46D6-A4A3-68B46D6261F4}.DLL-Import Release|Win32.Build.0 = Release|Win32
		{F6C2C2CF-2913-46D6-A4A3-68B46D6261F4}.Release|Win32.ActiveCfg = Release|Win32
		{F6C2C2CF-2913-46D6-A4A3-68B46D6261F4}.Release|Win32.Build.0 = Release|Win32
		{6A54DF2B-44C0-43E7-84AA-4E8F76A4BDF9}.Debug|Win32.ActiveCfg = Debug|Win32
		{6A54DF2B-44C0-43E7-84AA-4E8F76A4BDF9}.Debug|Win32.Build.0 = Debug|Win32
		{6A54DF2B-44C0-43E7-84AA-4E8F76A4BDF9}.DLL-Import Debug|Win32.ActiveCfg = Debug|Win32
		{6A54DF2B-44C0-43E7-84AA-4E8F76A4BDF9}.DLL-Import Debug|Win32.Build.0 = Debug|Win32
		{6A54DF2B-44C0-43E7-84AA-4E8F76A4BDF9}.DLL-Import Release|Win32.ActiveCfg = Release|Win32
		{6A54DF2B-44C0-43E7-84AA-4E8F76A4BDF9}.DLL-Import Release|Win32.Build.0 = Release|Win32
		{6A54DF2B-44C0-43E7-84AA-4E8F76A4BDF9}.Release|Win32.ActiveCfg = Release|Win32
		{6A54DF2B-44C0-43E7-84AA-4E8F76A4BDF9}.Release|Win32.Build.0 = Release|Win32
		{823A6CBE-EEDF-40C0-9692-FC65783AC7BD}.Debug|Win32.ActiveCfg = Debug|Win32
		{823A6CBE-EEDF-40C0-9692-FC65783AC7BD}.Debug|Win32.Build.0 = Debug|Win32
		{823A6CBE-EEDF-40C0-9692-FC65783AC7BD}.DLL-Import Debug|Win32.ActiveCfg = Debug|Win32
		{823A6CBE-EEDF-40C0-9692-FC65783AC7BD}.DLL-Import Debug|Win32.Build.0 = Debug|Win32
		{823A6CBE-EEDF-40C0-9692-FC65783AC7BD}.DLL-Import Release|Win32.ActiveCfg = Release|Win32
		{823A6CBE-EEDF-40C0-9692-FC65783AC7BD}.DLL-Import Release|Win32.Build.0 = Release|Win32
		{823A6CBE-EEDF-40C0-9692-FC65783AC7BD}.Release|Win32.ActiveCfg = Release|Win32
		{823A6CBE-EEDF-40C0-9692-FC65783AC7BD}.Release|Win32.Build.0 = Release|Win32
		{82A03B39-7D09-41B4-B5DC-991D41C49271}.Debug|Win32.ActiveCfg = Debug|Win32
		{82A03B39-7D09-41B4-B5DC-991D41C49271}.Debug|Win32.Build.0 = Debug|Win32
		{82A03B39-7D09-41B4-B5DC-991D41C49271}.DLL-Import Debug|Win32.ActiveCfg = Debug|Win32
		{82A03B39-7D09-41B4-B5DC-991D41C49271}.DLL-Import Debug|Win32.Build.0 = Debug|Win32
		{82A03B39-7D09-41B4-B5DC-991D41C49271}.DLL-Import Release|Win32.ActiveCfg = Release|Win32
		{82A03B39-7D09-41B4-B5DC-991D41C49271}.DLL-Import Release|Win32.Build.0 = Release|Win32
		{82A03B39-7D09-41B4-B5DC-991D41C49271}.Release|Win32.ActiveCfg = Release|Win32
		{82A03B39-7D09-41B4-B5DC-991D41C49271}.Release|Win32.Build.0 = Release|Win32
		{3F353104-FE71-4829-9C12-B77F5D2E2C36}.Debug|Win32.ActiveCfg = Debug|Win32
		{3F353104-FE71-4829-9C12-B77F5D2E2C36}.Debug|Win32.Build.0 = Debug|Win32
		{3F353104-FE71-4829-9C12-B77F5D2E2C36}.DLL-Import Debug|Win32.ActiveCfg = Debug|Win32
		{3F353104-FE71-4829-9C12-B77F5D2E2C36}.DLL-Import Debug|Win32.Build.0 = Debug|Win32
		{3F353104-FE71-4829-9C12-B77F5D2E2C36}.DLL-Import Release|Win32.ActiveCfg = Release|Win32
		{3F353104-FE71-4829-9C12-B77F5D2E2C36}.DLL-Import Release|Win32.Build.0 = Release|Win32
		{3F353104-FE71-4829-9C12-B77F5D2E2C36}.Release|Win32.ActiveCfg = Release|Win32
		{3F353104-FE71-4829-9C12-B77F5D2E2C36}.Release|Win32.Build.0 = Release|Win32
		{C2F49120-F615-48E8-A7F3-6C09ADE3D7EF}.Debug|Win32.ActiveCfg = Debug|Win32
		{C2F49120-F615-48E8-A7F3-6C09ADE3D7EF}.Debug|Win32.Build.0 = Debug|Win32
		{C2F49120-F615-48E8-A7F3-6C09ADE3D7EF}.DLL-Import Debug|Win32.ActiveCfg = Debug|Win32
		{C2F49120-F615-48E8-A7F3-6C09ADE3D7EF}.DLL-Import Debug|Win32.Build.0 = Debug|Win32
		{C2F49120-F615-48E8-A7F3-6C09ADE3D7EF}.DLL-Import Release|Win32.ActiveCfg = Release|Win32
		{C2F49120-F615-48E8-A7F3-6C09ADE3D7EF}.DLL-Import Release|Win32.Build.0 = Release|Win32
		{C2F49120-F615-48E8-A7F3-6C09ADE3D7EF}.Release|Win32.ActiveCfg = Release|Win32
		{C2F49120-F615-48E8-A7F3-6C09ADE3D7EF}.Release|Win32.Build.0 = Release|Win32
		{8FB3FB73-21D8-46FC-80E1-35EC789F9C4C}.Debug|Win32.ActiveCfg = Debug|Win32
		{8FB3FB73-21D8-46FC-80E1-35EC789F9C4C}.Debug|Win32.Build.0 = Debug|Win32
		{8FB3FB73-21D8-46FC-80E1-35EC789F9C4C}.DLL-Import Debug|Win32.ActiveCfg = Debug|Win32
		{8FB3FB73-21D8-46FC-80E1-35EC789F9C4C}.DLL-Import Debug|Win32.Build.0 = Debug|Win32
		{8FB3FB73-21D8-46FC-80E1-35EC789F9C4C}.DLL-Import Release|Win32.ActiveCfg = Release|Win32
		{8FB3FB73-21D8-46FC-80E1-35EC789F9C4C}.DLL-Import Release|Win32.Build.0 = Release|Win32
		{8FB3FB73-21D8-46FC-80E1-35EC789F9C4C}.Release|Win32.ActiveCfg = Release|Win32
		{8FB3FB73-21D8-46FC-80E1-35EC789F9C4C}.Release|Win32.Build.0 = Release|Win32
		{8F19D3BE-B46A-4791-9703-49E415DB0F05}.Debug|Win32.ActiveCfg = Debug|Win32
		{8F19D3BE-B46A-4791-9703-49E415DB0F05}.Debug|Win32.Build.0 = Debug|Win32
		{8F19D3BE-B46A-4791-9703-49E415DB0F05}.DLL-Import Debug|Win32.ActiveCfg = Debug|Win32
		{8F19D3BE-B46A-4791-9703-49E415DB0F05}.DLL-Import Debug|Win32.Build.0 = Debug|Win32
		{8F19D3BE-B46A-4791-9703-49E415DB0F05}.DLL-Import Release|Win32.ActiveCfg = Release|Win32
		{8F19D3BE-B46A-4791-9703-49E415DB0F05}.DLL-Import Release|Win32.Build.0 = Release|Win32
		{8F19D3BE-B46A-4791-9703-49E415DB0F05}.Release|Win32.ActiveCfg = Release|Win32
		{8F19D3BE-B46A-4791-9703-49E415DB0F05}.Release|Win32.Build.0 = Release|Win32
		{DEE22F5F-B6D6-49EB-A47F-96556C4E25B7}.Debug|Win32.ActiveCfg = Debug|Win32
		{DEE22F5F-B6D6-49EB-A47F-96556C4E25B7}.Debug|Win32.Build.0 = Debug|Win32
		{DEE22F5F-B6D6-49EB-A47F-96556C4E25B7}.DLL-Import Debug|Win32.ActiveCfg = Debug|Win32
		{DEE22F5F-B6D6-49EB-A47F-96556C4E25B7}.DLL-Import Debug|Win32.Build.0 = Debug|Win32
		{DEE22F5F-B6D6-49EB-A47F-96556C4E25B7}.DLL-Import Release|Win32.ActiveCfg = Release|Win32
		{DEE22F5F-B6D6-49EB-A47F-96556C4E25B7}.DLL-Import Release|Win32.Build.0 = Release|Win32
		{DEE22F5F-B6D6-49EB-A47F-96556C4E25B7}.Release|Win32.ActiveCfg = Release|Win32
		{DEE22F5F-B6D6-49EB-A47F-96556C4E25B7}.Release|Win32.Build.0 = Release|Win32
		{DE48D218-A720-4C1E-8075-AC9A224CA058}.Debug|Win32.ActiveCfg = Debug|Win32
		{DE48D218-A720-4C1E-8075-AC9A224CA058}.Debug|Win32.Build.0 = Debug|Win32
		{DE48D218-A720-4C1E-8075-AC9A224CA058}.DLL-Import Debug|Win32.ActiveCfg = Debug|Win32
		{DE48D218-A720-4C1E-8075-AC9A224CA058}.DLL-Import Debug|Win32.Build.0 = Debug|Win32
		{DE48D218-A720-4C1E-8075-AC9A224CA058}.DLL-Import Release|Win32.ActiveCfg = Release|Win32
		{DE48D218-A720-4C1E-8075-AC9A224CA058}.DLL-Import Release|Win32.Build.0 = Release|Win32
		{DE48D218-A720-4C1E-8075-AC9A224CA058}.Release|Win32.ActiveCfg = Release|Win32
		{DE48D218-A720-4C1E-8075-AC9A224CA058}.Release|Win32.Build.0 = Release|Win32
		{78FE8808-1F21-4632-BD59-35B272A70940}.Debug|Win32.ActiveCfg = Debug|Win32
		{78FE8808-1F21-4632-BD59-35B272A70940}.Debug|Win32.Build.0 = Debug|Win32
		{78FE8808-1F21-4632-BD59-35B272A70940}.DLL-Import Debug|Win32.ActiveCfg = Debug|Win32
		{78FE8808-1F21-4632-BD59-35B272A70940}.DLL-Import Debug|Win32.Build.0 = Debug|Win32
		{78FE8808-1F21-4632-BD59-35B272A70940}.DLL-Import Release|Win32.ActiveCfg = Release|Win32
		{78FE8808-1F21-4632-BD59-35B272A70940}.DLL-Import Release|Win32.Build.0 = Release|Win32
		{78FE8808-1F21-4632-BD59-35B272A70940}.Release|Win32.ActiveCfg = Release|Win32
		{78FE8808-1F21-4632-BD59-35B272A70940}.Release|Win32.Build.0 = Release|Win32
		{B3E2E3BF-E385-4EE4-BAE6-F47E5E24DFBF}.Debug|Win32.ActiveCfg = Debug|Win32
		{B3E2E3BF-E385-4EE4-BAE6-F47E5E24DFBF}.Debug|Win32.Build.0 = Debug|Win32
		{B3E2E3BF-E385-4EE4-BAE6-F47E5E24DFBF}.DLL-Import Debug|Win32.ActiveCfg = Debug|Win32
		{B3E2E3BF-E385-4EE4-BAE6-F47E5E24DFBF}.DLL-Import Debug|Win32.Build.0 = Debug|Win32
		{B3E2E3BF-E385-4EE4-BAE6-F47E5E24DFBF}.DLL-Import Release|Win32.ActiveCfg = Release|Win32
		{B3E2E3BF-E385-4EE4-BAE6-F47E5E24DFBF}.DLL-Import Release|Win32.Build.0 = Release|Win32
		{B3E2E3BF-E385-4EE4-BAE6-F47E5E24DFBF}.Release|Win32.ActiveCfg = Release|Win32
		{B3E2E3BF-E385-4EE4-BAE6-F47E5E24DFBF}.Release|Win32.Build.0 = Release|Win32
		{06F0C634-EC09-4A38-8D88-6448DDE04768}.Debug|Win32.ActiveCfg = Debug|Win32
		{06F0C634-EC09-4A38-8D88-6448DDE04768}.Debug|Win32.Build.0 = Debug|Win32
		{06F0C634-EC09-4A38-8D88-6448DDE04768}.DLL-Import Debug|Win32.ActiveCfg = Debug|Win32
		{06F0C634-EC09-4A38-8D88-6448DDE04768}.DLL-Import Debug|Win32.Build.0 = Debug|Win32
		{06F0C634-EC09-4A38-8D88-6448DDE04768}.DLL-Import Release|Win32.ActiveCfg = Release|Win32
		{06F0C634-EC09-4A38-8D88-6448DDE04768}.DLL-Import Release|Win32.Build.0 = Release|Win32
		{06F0C634-EC09-4A38-8D88-6448DDE04768}.Release|Win32.ActiveCfg = Release|Win32
		{06F0C634-EC09-4A38-8D88-6448DDE04768}.Release|Win32.Build.0 = Release|Win32
		{3423EC9A-52E4-4A4D-9753-EDEBC38785EF}.Debug|Win32.ActiveCfg = Debug|Win32
		{3423EC9A-52E4-4A4D-9753-EDEBC38785EF}.Debug|Win32.Build.0 = Debug|Win32
		{3423EC9A-52E4-4A4D-9753-EDEBC38785EF}.DLL-Import Debug|Win32.ActiveCfg = DLL-Import Debug|Win32
		{3423EC9A-52E4-4A4D-9753-EDEBC38785EF}.DLL-Import Debug|Win32.Build.0 = DLL-Import Debug|Win32
		{3423EC9A-52E4-4A4D-9753-EDEBC38785EF}.DLL-Import Release|Win32.ActiveCfg = DLL-Import Release|Win32
		{3423EC9A-52E4-4A4D-9753-EDEBC38785EF}.DLL-Import Release|Win32.Build.0 = DLL-Import Release|Win32
		{3423EC9A-52E4-4A4D-9753-EDEBC38785EF}.Release|Win32.ActiveCfg = Release|Win32
		{3423EC9A-52E4-4A4D-9753-EDEBC38785EF}.Release|Win32.Build.0 = Release|Win32
		{393D28BE-EDD4-43DB-9FCF-E7A0EE53882C}.Debug|Win32.ActiveCfg = Debug|Win32
		{393D28BE-EDD4-43DB-9FCF-E7A0EE53882C}.Debug|Win32.Build.0 = Debug|Win32
		{393D28BE-EDD4-43DB-9FCF-E7A0EE53882C}.DLL-Import Debug|Win32.ActiveCfg = Debug|Win32
		{393D28BE-EDD4-43DB-9FCF-E7A0EE53882C}.DLL-Import Debug|Win32.Build.0 = Debug|Win32
		{393D28BE-EDD4-43DB-9FCF-E7A0EE53882C}.DLL-Import Release|Win32.ActiveCfg = Release|Win32
		{393D28BE-EDD4-43DB-9FCF-E7A0EE53882C}.DLL-Import Release|Win32.Build.0 = Release|Win32
		{393D28BE-EDD4-43DB-9FCF-E7A0EE53882C}.Release|Win32.ActiveCfg = Release|Win32
		{393D28BE-EDD4-43DB-9FCF-E7A0EE53882C}.Release|Win32.Build.0 = Release|Win32
		{02919C3C-116C-4FDF-87E1-665C1378A43E}.Debug|Win32.ActiveCfg = Debug|Win32
		{02919C3C-116C-4FDF-87E1-665C1378A43E}.Debug|Win32.Build.0 = Debug|Win32
		{02919C3C-116C-4FDF-87E1-665C1378A43E}.DLL-Import Debug|Win32.ActiveCfg = Debug|Win32
		{02919C3C-116C-4FDF-87E1-665C1378A43E}.DLL-Import Debug|Win32.Build.0 = Debug|Win32
		{02919C3C-116C-4FDF-87E1-665C1378A43E}.DLL-Import Release|Win32.ActiveCfg = Release|Win32
		{02919C3C-116C-4FDF-87E1-665C1378A43E}.DLL-Import Release|Win32.Build.0 = Release|Win32
		{02919C3C-116C-4FDF-87E1-665C1378A43E}.Release|Win32.ActiveCfg = Release|Win32
		{02919C3C-116C-4FDF-87E1-665C1378A43E}.Release|Win32.Build.0 = Release|Win32
		{B19215E7-4132-47E8-A2F0-43295BE649BF}.Debug|Win32.ActiveCfg = Debug|Win32
		{B19215E7-4132-47E8-A2F0-43295BE649BF}.Debug|Win32.Build.0 = Debug|Win32
		{B19215E7-4132-47E8-A2F0-43295BE649BF}.DLL-Import Debug|Win32.ActiveCfg = Debug|Win32
		{B19215E7-4132-47E8-A2F0-43295BE649BF}.DLL-Import Debug|Win32.Build.0 = Debug|Win32
		{B19215E7-4132-47E8-A2F0-43295BE649BF}.DLL-Import Release|Win32.ActiveCfg = Release|Win32
		{B19215E7-4132-47E8-A2F0-43295BE649BF}.DLL-Import Release|Win32.Build.0 = Release|Win32
		{B19215E7-4132-47E8-A2F0-43295BE649BF}.Release|Win32.ActiveCfg = Release|Win32
		{B19215E7-4132-47E8-A2F0-43295BE649BF}.Release|Win32.Build.0 = Release|Win32
	EndGlobalSection
	GlobalSection(SolutionProperties) = preSolution
		HideSolutionNode = FALSE
	EndGlobalSection
	GlobalSection(NestedProjects) = preSolution
		{7762CCFD-5821-45C4-8844-8672E42F01FC} = {8806B285-5142-4FAF-8A45-4E0849085267}
		{BB93CA6E-1B76-4E59-9121-7D03B08EF1C3} = {8806B285-5142-4FAF-8A45-4E0849085267}
		{A426EBF7-6BC0-44AD-86AF-8B8DC9C98CDB} = {8806B285-5142-4FAF-8A45-4E0849085267}
		{F6C2C2CF-2913-46D6-A4A3-68B46D6261F4} = {8806B285-5142-4FAF-8A45-4E0849085267}
		{6A54DF2B-44C0-43E7-84AA-4E8F76A4BDF9} = {8806B285-5142-4FAF-8A45-4E0849085267}
		{DEE22F5F-B6D6-49EB-A47F-96556C4E25B7} = {8806B285-5142-4FAF-8A45-4E0849085267}
		{DE48D218-A720-4C1E-8075-AC9A224CA058} = {8806B285-5142-4FAF-8A45-4E0849085267}
		{78FE8808-1F21-4632-BD59-35B272A70940} = {8806B285-5142-4FAF-8A45-4E0849085267}
		{B3E2E3BF-E385-4EE4-BAE6-F47E5E24DFBF} = {8806B285-5142-4FAF-8A45-4E0849085267}
		{06F0C634-EC09-4A38-8D88-6448DDE04768} = {8806B285-5142-4FAF-8A45-4E0849085267}
		{3423EC9A-52E4-4A4D-9753-EDEBC38785EF} = {8806B285-5142-4FAF-8A45-4E0849085267}
		{393D28BE-EDD4-43DB-9FCF-E7A0EE53882C} = {771A885B-2873-4025-88D1-712603792CDE}
		{02919C3C-116C-4FDF-87E1-665C1378A43E} = {771A885B-2873-4025-88D1-712603792CDE}
		{B19215E7-4132-47E8-A2F0-43295BE649BF} = {771A885B-2873-4025-88D1-712603792CDE}
	EndGlobalSection
EndGlobal
